
Microsoft Visual Studio Solution File, Format Version 12.00
# Visual Studio Version 17
VisualStudioVersion = 17.7.34018.315
MinimumVisualStudioVersion = 10.0.40219.1
Project("{FAE04EC0-301F-11D3-BF4B-00C04F79EFBC}") = "TP WinForm", "TP WinForm\TP WinForm.csproj", "{A7AC6837-74E5-410A-8CA8-A3F64AF4A8FC}"
EndProject
Project("{FAE04EC0-301F-11D3-BF4B-00C04F79EFBC}") = "dominio", "dominio\dominio.csproj", "{CE6040DB-E936-42B0-A0C9-CDF69A9C1168}"
EndProject
Project("{FAE04EC0-301F-11D3-BF4B-00C04F79EFBC}") = "negocio", "negocio\negocio.csproj", "{812D70C1-704A-4D48-93B0-E86049A1A2A5}"
EndProject
Global
	GlobalSection(SolutionConfigurationPlatforms) = preSolution
		Debug|Any CPU = Debug|Any CPU
		Release|Any CPU = Release|Any CPU
	EndGlobalSection
	GlobalSection(ProjectConfigurationPlatforms) = postSolution
		{A7AC6837-74E5-410A-8CA8-A3F64AF4A8FC}.Debug|Any CPU.ActiveCfg = Debug|Any CPU
		{A7AC6837-74E5-410A-8CA8-A3F64AF4A8FC}.Debug|Any CPU.Build.0 = Debug|Any CPU
		{A7AC6837-74E5-410A-8CA8-A3F64AF4A8FC}.Release|Any CPU.ActiveCfg = Release|Any CPU
		{A7AC6837-74E5-410A-8CA8-A3F64AF4A8FC}.Release|Any CPU.Build.0 = Release|Any CPU
		{CE6040DB-E936-42B0-A0C9-CDF69A9C1168}.Debug|Any CPU.ActiveCfg = Debug|Any CPU
		{CE6040DB-E936-42B0-A0C9-CDF69A9C1168}.Debug|Any CPU.Build.0 = Debug|Any CPU
		{CE6040DB-E936-42B0-A0C9-CDF69A9C1168}.Release|Any CPU.ActiveCfg = Release|Any CPU
		{CE6040DB-E936-42B0-A0C9-CDF69A9C1168}.Release|Any CPU.Build.0 = Release|Any CPU
		{812D70C1-704A-4D48-93B0-E86049A1A2A5}.Debug|Any CPU.ActiveCfg = Debug|Any CPU
		{812D70C1-704A-4D48-93B0-E86049A1A2A5}.Debug|Any CPU.Build.0 = Debug|Any CPU
		{812D70C1-704A-4D48-93B0-E86049A1A2A5}.Release|Any CPU.ActiveCfg = Release|Any CPU
		{812D70C1-704A-4D48-93B0-E86049A1A2A5}.Release|Any CPU.Build.0 = Release|Any CPU
	EndGlobalSection
	GlobalSection(SolutionProperties) = preSolution
		HideSolutionNode = FALSE
	EndGlobalSection
	GlobalSection(ExtensibilityGlobals) = postSolution
		SolutionGuid = {0FA226FD-3411-497C-892F-E28E8CA7C355}
	EndGlobalSection
EndGlobal
